Microsoft Visual Studio Solution File, Format Version 12.00
# Visual Studio Version 17
VisualStudioVersion = 17.5.2.0
MinimumVisualStudioVersion = 10.0.40219.1
Project("{FAE04EC0-301F-11D3-BF4B-00C04F79EFBC}") = "Sprint3.Data", "Sprint3.Data.csproj", "{46B26A21-FC96-772B-2D24-7E7BFFA36D27}"
EndProject
Global
	GlobalSection(SolutionConfigurationPlatforms) = preSolution
		Debug|Any CPU = Debug|Any CPU
		Release|Any CPU = Release|Any CPU
	EndGlobalSection
	GlobalSection(ProjectConfigurationPlatforms) = postSolution
		{46B26A21-FC96-772B-2D24-7E7BFFA36D27}.Debug|Any CPU.ActiveCfg = Debug|Any CPU
		{46B26A21-FC96-772B-2D24-7E7BFFA36D27}.Debug|Any CPU.Build.0 = Debug|Any CPU
		{46B26A21-FC96-772B-2D24-7E7BFFA36D27}.Release|Any CPU.ActiveCfg = Release|Any CPU
		{46B26A21-FC96-772B-2D24-7E7BFFA36D27}.Release|Any CPU.Build.0 = Release|Any CPU
	EndGlobalSection
	GlobalSection(SolutionProperties) = preSolution
		HideSolutionNode = FALSE
	EndGlobalSection
	GlobalSection(ExtensibilityGlobals) = postSolution
		SolutionGuid = {4DE600C4-5F78-4BB7-9BC8-078E66C813B9}
	EndGlobalSection
EndGlobal
